
Microsoft Visual Studio Solution File, Format Version 12.00
# Visual Studio Version 16
VisualStudioVersion = 16.0.31515.178
MinimumVisualStudioVersion = 10.0.40219.1
Project("{9A19103F-16F7-4668-BE54-9A1E7A4F7556}") = "API", "API\API.csproj", "{831AFF34-20CA-426D-85D9-13C597ED845D}"
EndProject
Project("{9A19103F-16F7-4668-BE54-9A1E7A4F7556}") = "Domain", "Domain\Domain.csproj", "{878D623A-BBB0-4E83-AF37-590F09A29B13}"
EndProject
Project("{9A19103F-16F7-4668-BE54-9A1E7A4F7556}") = "Application", "Application\Application.csproj", "{547BDA2E-8228-45FD-882F-39BCCC3B7664}"
EndProject
Project("{9A19103F-16F7-4668-BE54-9A1E7A4F7556}") = "Tests", "Tests\Tests.csproj", "{5DD661F4-A643-474B-B53F-F1B4E78574EC}"
EndProject
Global
	GlobalSection(SolutionConfigurationPlatforms) = preSolution
		Debug|Any CPU = Debug|Any CPU
		Release|Any CPU = Release|Any CPU
	EndGlobalSection
	GlobalSection(ProjectConfigurationPlatforms) = postSolution
		{831AFF34-20CA-426D-85D9-13C597ED845D}.Debug|Any CPU.ActiveCfg = Debug|Any CPU
		{831AFF34-20CA-426D-85D9-13C597ED845D}.Debug|Any CPU.Build.0 = Debug|Any CPU
		{831AFF34-20CA-426D-85D9-13C597ED845D}.Release|Any CPU.ActiveCfg = Release|Any CPU
		{831AFF34-20CA-426D-85D9-13C597ED845D}.Release|Any CPU.Build.0 = Release|Any CPU
		{878D623A-BBB0-4E83-AF37-590F09A29B13}.Debug|Any CPU.ActiveCfg = Debug|Any CPU
		{878D623A-BBB0-4E83-AF37-590F09A29B13}.Debug|Any CPU.Build.0 = Debug|Any CPU
		{878D623A-BBB0-4E83-AF37-590F09A29B13}.Release|Any CPU.ActiveCfg = Release|Any CPU
		{878D623A-BBB0-4E83-AF37-590F09A29B13}.Release|Any CPU.Build.0 = Release|Any CPU
		{547BDA2E-8228-45FD-882F-39BCCC3B7664}.Debug|Any CPU.ActiveCfg = Debug|Any CPU
		{547BDA2E-8228-45FD-882F-39BCCC3B7664}.Debug|Any CPU.Build.0 = Debug|Any CPU
		{547BDA2E-8228-45FD-882F-39BCCC3B7664}.Release|Any CPU.ActiveCfg = Release|Any CPU
		{547BDA2E-8228-45FD-882F-39BCCC3B7664}.Release|Any CPU.Build.0 = Release|Any CPU
		{5DD661F4-A643-474B-B53F-F1B4E78574EC}.Debug|Any CPU.ActiveCfg = Debug|Any CPU
		{5DD661F4-A643-474B-B53F-F1B4E78574EC}.Debug|Any CPU.Build.0 = Debug|Any CPU
		{5DD661F4-A643-474B-B53F-F1B4E78574EC}.Release|Any CPU.ActiveCfg = Release|Any CPU
		{5DD661F4-A643-474B-B53F-F1B4E78574EC}.Release|Any CPU.Build.0 = Release|Any CPU
	EndGlobalSection
	GlobalSection(SolutionProperties) = preSolution
		HideSolutionNode = FALSE
	EndGlobalSection
	GlobalSection(ExtensibilityGlobals) = postSolution
		SolutionGuid = {4F1CA135-04D4-4D3F-B034-200B6457FCBD}
	EndGlobalSection
EndGlobal
